
Microsoft Visual Studio Solution File, Format Version 12.00
# Visual Studio 2013
VisualStudioVersion = 12.0.40629.0
MinimumVisualStudioVersion = 10.0.40219.1
Project("{FAE04EC0-301F-11D3-BF4B-00C04F79EFBC}") = "Windows_XNA_Tanks", "Windows_XNA_Tanks\Windows_XNA_Tanks\Windows_XNA_Tanks.csproj", "{26A6712E-8ECB-47DC-8673-1B7C732A9CF4}"
EndProject
Project("{FAE04EC0-301F-11D3-BF4B-00C04F79EFBC}") = "Windows_XNA_TanksContent", "Windows_XNA_Tanks\Windows_XNA_TanksContent\Windows_XNA_TanksContent.contentproj", "{91A4965A-C05F-4FE9-927E-029D994D3772}"
EndProject
Project("{FAE04EC0-301F-11D3-BF4B-00C04F79EFBC}") = "Windows_XNA_Tanks_Map_Builder", "Windows_XNA_Tanks_Map_Builder\Windows_XNA_Tanks_Map_Builder\Windows_XNA_Tanks_Map_Builder.csproj", "{353A0E9E-2891-4828-B5E3-2F30590D7FFB}"
EndProject
Project("{96E2B04D-8817-42C6-938A-82C39BA4D311}") = "Windows_XNA_Tanks_Map_BuilderContent", "Windows_XNA_Tanks_Map_Builder\Windows_XNA_Tanks_Map_BuilderContent\Windows_XNA_Tanks_Map_BuilderContent.contentproj", "{DD2AF4A1-3E10-4227-BC07-9EDF44663657}"
EndProject
Global
	GlobalSection(SolutionConfigurationPlatforms) = preSolution
		Debug|x86 = Debug|x86
		Release|x86 = Release|x86
	EndGlobalSection
	GlobalSection(ProjectConfigurationPlatforms) = postSolution
		{26A6712E-8ECB-47DC-8673-1B7C732A9CF4}.Debug|x86.ActiveCfg = Debug|x86
		{26A6712E-8ECB-47DC-8673-1B7C732A9CF4}.Debug|x86.Build.0 = Debug|x86
		{26A6712E-8ECB-47DC-8673-1B7C732A9CF4}.Release|x86.ActiveCfg = Release|x86
		{26A6712E-8ECB-47DC-8673-1B7C732A9CF4}.Release|x86.Build.0 = Release|x86
		{91A4965A-C05F-4FE9-927E-029D994D3772}.Debug|x86.ActiveCfg = Debug|x86
		{91A4965A-C05F-4FE9-927E-029D994D3772}.Release|x86.ActiveCfg = Release|x86
		{353A0E9E-2891-4828-B5E3-2F30590D7FFB}.Debug|x86.ActiveCfg = Debug|x86
		{353A0E9E-2891-4828-B5E3-2F30590D7FFB}.Debug|x86.Build.0 = Debug|x86
		{353A0E9E-2891-4828-B5E3-2F30590D7FFB}.Release|x86.ActiveCfg = Release|x86
		{353A0E9E-2891-4828-B5E3-2F30590D7FFB}.Release|x86.Build.0 = Release|x86
		{DD2AF4A1-3E10-4227-BC07-9EDF44663657}.Debug|x86.ActiveCfg = Debug|x86
		{DD2AF4A1-3E10-4227-BC07-9EDF44663657}.Release|x86.ActiveCfg = Release|x86
	EndGlobalSection
	GlobalSection(SolutionProperties) = preSolution
		HideSolutionNode = FALSE
	EndGlobalSection
EndGlobal
